
Microsoft Visual Studio Solution File, Format Version 12.00
# Visual Studio 14
VisualStudioVersion = 14.0.25123.0
MinimumVisualStudioVersion = 10.0.40219.1
Project("{2150E333-8FDC-42A3-9474-1A3956D46DE8}") = "src", "src", "{98A6119A-ABA3-40C1-965F-4F59E1977E93}"
EndProject
Project("{2150E333-8FDC-42A3-9474-1A3956D46DE8}") = "Solution Items", "Solution Items", "{D868C8A7-87A1-443E-A3D5-148B1F24407F}"
	ProjectSection(SolutionItems) = preProject
		global.json = global.json
	EndProjectSection
EndProject
Project("{8BB2217D-0F2D-49D1-97BC-3654ED321F3B}") = "MVC", "src\MVC\MVC.xproj", "{74278453-4D13-4F0E-B6E5-9F7BF0764CCF}"
EndProject
Project("{8BB2217D-0F2D-49D1-97BC-3654ED321F3B}") = "IdentityServer", "src\IdentityServer\IdentityServer.xproj", "{C38AFD2F-53F3-4CFF-A0C0-51086D081C24}"
EndProject
Project("{8BB2217D-0F2D-49D1-97BC-3654ED321F3B}") = "Api", "src\Api\Api.xproj", "{45F775AC-BC2F-46A7-ABD9-D8771699F7BE}"
EndProject
Global
	GlobalSection(SolutionConfigurationPlatforms) = preSolution
		Debug|Any CPU = Debug|Any CPU
		Release|Any CPU = Release|Any CPU
	EndGlobalSection
	GlobalSection(ProjectConfigurationPlatforms) = postSolution
		{74278453-4D13-4F0E-B6E5-9F7BF0764CCF}.Debug|Any CPU.ActiveCfg = Debug|Any CPU
		{74278453-4D13-4F0E-B6E5-9F7BF0764CCF}.Debug|Any CPU.Build.0 = Debug|Any CPU
		{74278453-4D13-4F0E-B6E5-9F7BF0764CCF}.Release|Any CPU.ActiveCfg = Release|Any CPU
		{74278453-4D13-4F0E-B6E5-9F7BF0764CCF}.Release|Any CPU.Build.0 = Release|Any CPU
		{C38AFD2F-53F3-4CFF-A0C0-51086D081C24}.Debug|Any CPU.ActiveCfg = Debug|Any CPU
		{C38AFD2F-53F3-4CFF-A0C0-51086D081C24}.Debug|Any CPU.Build.0 = Debug|Any CPU
		{C38AFD2F-53F3-4CFF-A0C0-51086D081C24}.Release|Any CPU.ActiveCfg = Release|Any CPU
		{C38AFD2F-53F3-4CFF-A0C0-51086D081C24}.Release|Any CPU.Build.0 = Release|Any CPU
		{45F775AC-BC2F-46A7-ABD9-D8771699F7BE}.Debug|Any CPU.ActiveCfg = Debug|Any CPU
		{45F775AC-BC2F-46A7-ABD9-D8771699F7BE}.Debug|Any CPU.Build.0 = Debug|Any CPU
		{45F775AC-BC2F-46A7-ABD9-D8771699F7BE}.Release|Any CPU.ActiveCfg = Release|Any CPU
		{45F775AC-BC2F-46A7-ABD9-D8771699F7BE}.Release|Any CPU.Build.0 = Release|Any CPU
	EndGlobalSection
	GlobalSection(SolutionProperties) = preSolution
		HideSolutionNode = FALSE
	EndGlobalSection
	GlobalSection(NestedProjects) = preSolution
		{74278453-4D13-4F0E-B6E5-9F7BF0764CCF} = {98A6119A-ABA3-40C1-965F-4F59E1977E93}
		{C38AFD2F-53F3-4CFF-A0C0-51086D081C24} = {98A6119A-ABA3-40C1-965F-4F59E1977E93}
		{45F775AC-BC2F-46A7-ABD9-D8771699F7BE} = {98A6119A-ABA3-40C1-965F-4F59E1977E93}
	EndGlobalSection
EndGlobal
